
Microsoft Visual Studio Solution File, Format Version 12.00
# Visual Studio 15
VisualStudioVersion = 15.0.28307.1300
MinimumVisualStudioVersion = 10.0.40219.1
Project("{FAE04EC0-301F-11D3-BF4B-00C04F79EFBC}") = "BookStore", "BookStore\BookStore.csproj", "{3A5CAACA-D7F0-4421-90C2-2A043FC0BC84}"
EndProject
Project("{FAE04EC0-301F-11D3-BF4B-00C04F79EFBC}") = "BookStore.Tests", "BookStore.Tests\BookStore.Tests.csproj", "{9862997C-DD05-44D0-B5A5-033561EC830A}"
EndProject
Global
	GlobalSection(SolutionConfigurationPlatforms) = preSolution
		Debug|Any CPU = Debug|Any CPU
		Release|Any CPU = Release|Any CPU
	EndGlobalSection
	GlobalSection(ProjectConfigurationPlatforms) = postSolution
		{3A5CAACA-D7F0-4421-90C2-2A043FC0BC84}.Debug|Any CPU.ActiveCfg = Debug|Any CPU
		{3A5CAACA-D7F0-4421-90C2-2A043FC0BC84}.Debug|Any CPU.Build.0 = Debug|Any CPU
		{3A5CAACA-D7F0-4421-90C2-2A043FC0BC84}.Release|Any CPU.ActiveCfg = Release|Any CPU
		{3A5CAACA-D7F0-4421-90C2-2A043FC0BC84}.Release|Any CPU.Build.0 = Release|Any CPU
		{9862997C-DD05-44D0-B5A5-033561EC830A}.Debug|Any CPU.ActiveCfg = Debug|Any CPU
		{9862997C-DD05-44D0-B5A5-033561EC830A}.Debug|Any CPU.Build.0 = Debug|Any CPU
		{9862997C-DD05-44D0-B5A5-033561EC830A}.Release|Any CPU.ActiveCfg = Release|Any CPU
		{9862997C-DD05-44D0-B5A5-033561EC830A}.Release|Any CPU.Build.0 = Release|Any CPU
	EndGlobalSection
	GlobalSection(SolutionProperties) = preSolution
		HideSolutionNode = FALSE
	EndGlobalSection
	GlobalSection(ExtensibilityGlobals) = postSolution
		SolutionGuid = {CC1D29A1-56C7-45CE-8C32-95D56694F9C7}
	EndGlobalSection
EndGlobal
